{
  "name": "static",
  "version": "1.0.0",
  "lockfileVersion": 2,
  "requires": true,
  "packages": {
    "": {
      "name": "static",
      "version": "1.0.0",
      "license": "ISC",
      "dependencies": {
        "jquery": "^3.6.0",
        "jqwidgets-framework": "^14.0.0",
        "jqwidgets-scripts": "^14.0.0"
      }
    },
    "node_modules/jquery": {
      "version": "3.6.0",
      "resolved": "https://registry.npmjs.org/jquery/-/jquery-3.6.0.tgz",
      "integrity": "sha512-JVzAR/AjBvVt2BmYhxRCSYysDsPcssdmTFnzyLEts9qNwmjmu4JTAMYubEfwVOSwpQ1I1sKKFcxhZCI2buerfw=="
    },
    "node_modules/jqwidgets-framework": {
      "version": "14.0.0",
      "resolved": "https://registry.npmjs.org/jqwidgets-framework/-/jqwidgets-framework-14.0.0.tgz",
      "integrity": "sha512-lU+szs2gz7nBFNyG5QkP2mdzUIpE0lw4anZjTPfwR4y2gVhd7C21RMDJh4e2HP/nA+Tc9yib8/c66dphWvRpUA=="
    },
    "node_modules/jqwidgets-scripts": {
      "version": "14.0.0",
      "resolved": "https://registry.npmjs.org/jqwidgets-scripts/-/jqwidgets-scripts-14.0.0.tgz",
      "integrity": "sha512-Tn5B09BTmejeLX3U1usPoE0ob99srTK/eHFjieG0vRhZJPh40U5DAZp3CCiHFJwrINYybreDMcmXPbgEYtoe6w=="
    }
  },
  "dependencies": {
    "jquery": {
      "version": "3.6.0",
      "resolved": "https://registry.npmjs.org/jquery/-/jquery-3.6.0.tgz",
      "integrity": "sha512-JVzAR/AjBvVt2BmYhxRCSYysDsPcssdmTFnzyLEts9qNwmjmu4JTAMYubEfwVOSwpQ1I1sKKFcxhZCI2buerfw=="
    },
    "jqwidgets-framework": {
      "version": "14.0.0",
      "resolved": "https://registry.npmjs.org/jqwidgets-framework/-/jqwidgets-framework-14.0.0.tgz",
      "integrity": "sha512-lU+szs2gz7nBFNyG5QkP2mdzUIpE0lw4anZjTPfwR4y2gVhd7C21RMDJh4e2HP/nA+Tc9yib8/c66dphWvRpUA=="
    },
    "jqwidgets-scripts": {
      "version": "14.0.0",
      "resolved": "https://registry.npmjs.org/jqwidgets-scripts/-/jqwidgets-scripts-14.0.0.tgz",
      "integrity": "sha512-Tn5B09BTmejeLX3U1usPoE0ob99srTK/eHFjieG0vRhZJPh40U5DAZp3CCiHFJwrINYybreDMcmXPbgEYtoe6w=="
    }
  }
}
